
Microsoft Visual Studio Solution File, Format Version 12.00
# Visual Studio 14
VisualStudioVersion = 14.0.25420.1
MinimumVisualStudioVersion = 10.0.40219.1
Project("{FAE04EC0-301F-11D3-BF4B-00C04F79EFBC}") = "FirstPortable", "FirstPortable\FirstPortable\FirstPortable.csproj", "{F6A5D9E1-7F75-417C-B7D0-4D404FF309ED}"
EndProject
Project("{FAE04EC0-301F-11D3-BF4B-00C04F79EFBC}") = "FirstPortable.Droid", "FirstPortable\FirstPortable.Droid\FirstPortable.Droid.csproj", "{CEAA0697-FCF2-445D-A29B-3D26C04F9A19}"
EndProject
Project("{FAE04EC0-301F-11D3-BF4B-00C04F79EFBC}") = "FirstPortable.iOS", "FirstPortable\FirstPortable.iOS\FirstPortable.iOS.csproj", "{2847B648-9E29-4273-AD87-27452F4483CA}"
EndProject
Project("{FAE04EC0-301F-11D3-BF4B-00C04F79EFBC}") = "FirstPortable.WinPhone", "FirstPortable\FirstPortable.WinPhone\FirstPortable.WinPhone.csproj", "{C15EE801-01C0-456A-829C-A7D6EBB58411}"
EndProject
Project("{FAE04EC0-301F-11D3-BF4B-00C04F79EFBC}") = "FirstPortable.UWP", "FirstPortable\FirstPortable.UWP\FirstPortable.UWP.csproj", "{F75E499C-4B48-4768-A3A1-7626E7C7C7BC}"
EndProject
Project("{FAE04EC0-301F-11D3-BF4B-00C04F79EFBC}") = "FirstPortable.Windows", "FirstPortable\FirstPortable.Windows\FirstPortable.Windows.csproj", "{F34104A0-3B1B-4D5E-BCD8-854D6FA0B41A}"
EndProject
Global
	GlobalSection(SolutionConfigurationPlatforms) = preSolution
		Ad-Hoc|Any CPU = Ad-Hoc|Any CPU
		Ad-Hoc|ARM = Ad-Hoc|ARM
		Ad-Hoc|iPhone = Ad-Hoc|iPhone
		Ad-Hoc|iPhoneSimulator = Ad-Hoc|iPhoneSimulator
		Ad-Hoc|x64 = Ad-Hoc|x64
		Ad-Hoc|x86 = Ad-Hoc|x86
		AppStore|Any CPU = AppStore|Any CPU
		AppStore|ARM = AppStore|ARM
		AppStore|iPhone = AppStore|iPhone
		AppStore|iPhoneSimulator = AppStore|iPhoneSimulator
		AppStore|x64 = AppStore|x64
		AppStore|x86 = AppStore|x86
		Debug|Any CPU = Debug|Any CPU
		Debug|ARM = Debug|ARM
		Debug|iPhone = Debug|iPhone
		Debug|iPhoneSimulator = Debug|iPhoneSimulator
		Debug|x64 = Debug|x64
		Debug|x86 = Debug|x86
		Release|Any CPU = Release|Any CPU
		Release|ARM = Release|ARM
		Release|iPhone = Release|iPhone
		Release|iPhoneSimulator = Release|iPhoneSimulator
		Release|x64 = Release|x64
		Release|x86 = Release|x86
	EndGlobalSection
	GlobalSection(ProjectConfigurationPlatforms) = postSolution
		{F6A5D9E1-7F75-417C-B7D0-4D404FF309ED}.Ad-Hoc|Any CPU.ActiveCfg = Release|Any CPU
		{F6A5D9E1-7F75-417C-B7D0-4D404FF309ED}.Ad-Hoc|Any CPU.Build.0 = Release|Any CPU
		{F6A5D9E1-7F75-417C-B7D0-4D404FF309ED}.Ad-Hoc|ARM.ActiveCfg = Release|Any CPU
		{F6A5D9E1-7F75-417C-B7D0-4D404FF309ED}.Ad-Hoc|ARM.Build.0 = Release|Any CPU
		{F6A5D9E1-7F75-417C-B7D0-4D404FF309ED}.Ad-Hoc|iPhone.ActiveCfg = Release|Any CPU
		{F6A5D9E1-7F75-417C-B7D0-4D404FF309ED}.Ad-Hoc|iPhone.Build.0 = Release|Any CPU
		{F6A5D9E1-7F75-417C-B7D0-4D404FF309ED}.Ad-Hoc|iPhoneSimulator.ActiveCfg = Release|Any CPU
		{F6A5D9E1-7F75-417C-B7D0-4D404FF309ED}.Ad-Hoc|iPhoneSimulator.Build.0 = Release|Any CPU
		{F6A5D9E1-7F75-417C-B7D0-4D404FF309ED}.Ad-Hoc|x64.ActiveCfg = Release|Any CPU
		{F6A5D9E1-7F75-417C-B7D0-4D404FF309ED}.Ad-Hoc|x64.Build.0 = Release|Any CPU
		{F6A5D9E1-7F75-417C-B7D0-4D404FF309ED}.Ad-Hoc|x86.ActiveCfg = Release|Any CPU
		{F6A5D9E1-7F75-417C-B7D0-4D404FF309ED}.Ad-Hoc|x86.Build.0 = Release|Any CPU
		{F6A5D9E1-7F75-417C-B7D0-4D404FF309ED}.AppStore|Any CPU.ActiveCfg = Release|Any CPU
		{F6A5D9E1-7F75-417C-B7D0-4D404FF309ED}.AppStore|Any CPU.Build.0 = Release|Any CPU
		{F6A5D9E1-7F75-417C-B7D0-4D404FF309ED}.AppStore|ARM.ActiveCfg = Release|Any CPU
		{F6A5D9E1-7F75-417C-B7D0-4D404FF309ED}.AppStore|ARM.Build.0 = Release|Any CPU
		{F6A5D9E1-7F75-417C-B7D0-4D404FF309ED}.AppStore|iPhone.ActiveCfg = Release|Any CPU
		{F6A5D9E1-7F75-417C-B7D0-4D404FF309ED}.AppStore|iPhone.Build.0 = Release|Any CPU
		{F6A5D9E1-7F75-417C-B7D0-4D404FF309ED}.AppStore|iPhoneSimulator.ActiveCfg = Release|Any CPU
		{F6A5D9E1-7F75-417C-B7D0-4D404FF309ED}.AppStore|iPhoneSimulator.Build.0 = Release|Any CPU
		{F6A5D9E1-7F75-417C-B7D0-4D404FF309ED}.AppStore|x64.ActiveCfg = Release|Any CPU
		{F6A5D9E1-7F75-417C-B7D0-4D404FF309ED}.AppStore|x64.Build.0 = Release|Any CPU
		{F6A5D9E1-7F75-417C-B7D0-4D404FF309ED}.AppStore|x86.ActiveCfg = Release|Any CPU
		{F6A5D9E1-7F75-417C-B7D0-4D404FF309ED}.AppStore|x86.Build.0 = Release|Any CPU
		{F6A5D9E1-7F75-417C-B7D0-4D404FF309ED}.Debug|Any CPU.ActiveCfg = Debug|Any CPU
		{F6A5D9E1-7F75-417C-B7D0-4D404FF309ED}.Debug|Any CPU.Build.0 = Debug|Any CPU
		{F6A5D9E1-7F75-417C-B7D0-4D404FF309ED}.Debug|ARM.ActiveCfg = Debug|Any CPU
		{F6A5D9E1-7F75-417C-B7D0-4D404FF309ED}.Debug|ARM.Build.0 = Debug|Any CPU
		{F6A5D9E1-7F75-417C-B7D0-4D404FF309ED}.Debug|iPhone.ActiveCfg = Debug|Any CPU
		{F6A5D9E1-7F75-417C-B7D0-4D404FF309ED}.Debug|iPhone.Build.0 = Debug|Any CPU
		{F6A5D9E1-7F75-417C-B7D0-4D404FF309ED}.Debug|iPhoneSimulator.ActiveCfg = Debug|Any CPU
		{F6A5D9E1-7F75-417C-B7D0-4D404FF309ED}.Debug|iPhoneSimulator.Build.0 = Debug|Any CPU
		{F6A5D9E1-7F75-417C-B7D0-4D404FF309ED}.Debug|x64.ActiveCfg = Debug|Any CPU
		{F6A5D9E1-7F75-417C-B7D0-4D404FF309ED}.Debug|x64.Build.0 = Debug|Any CPU
		{F6A5D9E1-7F75-417C-B7D0-4D404FF309ED}.Debug|x86.ActiveCfg = Debug|Any CPU
		{F6A5D9E1-7F75-417C-B7D0-4D404FF309ED}.Debug|x86.Build.0 = Debug|Any CPU
		{F6A5D9E1-7F75-417C-B7D0-4D404FF309ED}.Release|Any CPU.ActiveCfg = Release|Any CPU
		{F6A5D9E1-7F75-417C-B7D0-4D404FF309ED}.Release|Any CPU.Build.0 = Release|Any CPU
		{F6A5D9E1-7F75-417C-B7D0-4D404FF309ED}.Release|ARM.ActiveCfg = Release|Any CPU
		{F6A5D9E1-7F75-417C-B7D0-4D404FF309ED}.Release|ARM.Build.0 = Release|Any CPU
		{F6A5D9E1-7F75-417C-B7D0-4D404FF309ED}.Release|iPhone.ActiveCfg = Release|Any CPU
		{F6A5D9E1-7F75-417C-B7D0-4D404FF309ED}.Release|iPhone.Build.0 = Release|Any CPU
		{F6A5D9E1-7F75-417C-B7D0-4D404FF309ED}.Release|iPhoneSimulator.ActiveCfg = Release|Any CPU
		{F6A5D9E1-7F75-417C-B7D0-4D404FF309ED}.Release|iPhoneSimulator.Build.0 = Release|Any CPU
		{F6A5D9E1-7F75-417C-B7D0-4D404FF309ED}.Release|x64.ActiveCfg = Release|Any CPU
		{F6A5D9E1-7F75-417C-B7D0-4D404FF309ED}.Release|x64.Build.0 = Release|Any CPU
		{F6A5D9E1-7F75-417C-B7D0-4D404FF309ED}.Release|x86.ActiveCfg = Release|Any CPU
		{F6A5D9E1-7F75-417C-B7D0-4D404FF309ED}.Release|x86.Build.0 = Release|Any CPU
		{CEAA0697-FCF2-445D-A29B-3D26C04F9A19}.Ad-Hoc|Any CPU.ActiveCfg = Release|Any CPU
		{CEAA0697-FCF2-445D-A29B-3D26C04F9A19}.Ad-Hoc|Any CPU.Build.0 = Release|Any CPU
		{CEAA0697-FCF2-445D-A29B-3D26C04F9A19}.Ad-Hoc|Any CPU.Deploy.0 = Release|Any CPU
		{CEAA0697-FCF2-445D-A29B-3D26C04F9A19}.Ad-Hoc|ARM.ActiveCfg = Release|Any CPU
		{CEAA0697-FCF2-445D-A29B-3D26C04F9A19}.Ad-Hoc|ARM.Build.0 = Release|Any CPU
		{CEAA0697-FCF2-445D-A29B-3D26C04F9A19}.Ad-Hoc|ARM.Deploy.0 = Release|Any CPU
		{CEAA0697-FCF2-445D-A29B-3D26C04F9A19}.Ad-Hoc|iPhone.ActiveCfg = Release|Any CPU
		{CEAA0697-FCF2-445D-A29B-3D26C04F9A19}.Ad-Hoc|iPhone.Build.0 = Release|Any CPU
		{CEAA0697-FCF2-445D-A29B-3D26C04F9A19}.Ad-Hoc|iPhone.Deploy.0 = Release|Any CPU
		{CEAA0697-FCF2-445D-A29B-3D26C04F9A19}.Ad-Hoc|iPhoneSimulator.ActiveCfg = Release|Any CPU
		{CEAA0697-FCF2-445D-A29B-3D26C04F9A19}.Ad-Hoc|iPhoneSimulator.Build.0 = Release|Any CPU
		{CEAA0697-FCF2-445D-A29B-3D26C04F9A19}.Ad-Hoc|iPhoneSimulator.Deploy.0 = Release|Any CPU
		{CEAA0697-FCF2-445D-A29B-3D26C04F9A19}.Ad-Hoc|x64.ActiveCfg = Release|Any CPU
		{CEAA0697-FCF2-445D-A29B-3D26C04F9A19}.Ad-Hoc|x64.Build.0 = Release|Any CPU
		{CEAA0697-FCF2-445D-A29B-3D26C04F9A19}.Ad-Hoc|x64.Deploy.0 = Release|Any CPU
		{CEAA0697-FCF2-445D-A29B-3D26C04F9A19}.Ad-Hoc|x86.ActiveCfg = Release|Any CPU
		{CEAA0697-FCF2-445D-A29B-3D26C04F9A19}.Ad-Hoc|x86.Build.0 = Release|Any CPU
		{CEAA0697-FCF2-445D-A29B-3D26C04F9A19}.Ad-Hoc|x86.Deploy.0 = Release|Any CPU
		{CEAA0697-FCF2-445D-A29B-3D26C04F9A19}.AppStore|Any CPU.ActiveCfg = Release|Any CPU
		{CEAA0697-FCF2-445D-A29B-3D26C04F9A19}.AppStore|Any CPU.Build.0 = Release|Any CPU
		{CEAA0697-FCF2-445D-A29B-3D26C04F9A19}.AppStore|Any CPU.Deploy.0 = Release|Any CPU
		{CEAA0697-FCF2-445D-A29B-3D26C04F9A19}.AppStore|ARM.ActiveCfg = Release|Any CPU
		{CEAA0697-FCF2-445D-A29B-3D26C04F9A19}.AppStore|ARM.Build.0 = Release|Any CPU
		{CEAA0697-FCF2-445D-A29B-3D26C04F9A19}.AppStore|ARM.Deploy.0 = Release|Any CPU
		{CEAA0697-FCF2-445D-A29B-3D26C04F9A19}.AppStore|iPhone.ActiveCfg = Release|Any CPU
		{CEAA0697-FCF2-445D-A29B-3D26C04F9A19}.AppStore|iPhone.Build.0 = Release|Any CPU
		{CEAA0697-FCF2-445D-A29B-3D26C04F9A19}.AppStore|iPhone.Deploy.0 = Release|Any CPU
		{CEAA0697-FCF2-445D-A29B-3D26C04F9A19}.AppStore|iPhoneSimulator.ActiveCfg = Release|Any CPU
		{CEAA0697-FCF2-445D-A29B-3D26C04F9A19}.AppStore|iPhoneSimulator.Build.0 = Release|Any CPU
		{CEAA0697-FCF2-445D-A29B-3D26C04F9A19}.AppStore|iPhoneSimulator.Deploy.0 = Release|Any CPU
		{CEAA0697-FCF2-445D-A29B-3D26C04F9A19}.AppStore|x64.ActiveCfg = Release|Any CPU
		{CEAA0697-FCF2-445D-A29B-3D26C04F9A19}.AppStore|x64.Build.0 = Release|Any CPU
		{CEAA0697-FCF2-445D-A29B-3D26C04F9A19}.AppStore|x64.Deploy.0 = Release|Any CPU
		{CEAA0697-FCF2-445D-A29B-3D26C04F9A19}.AppStore|x86.ActiveCfg = Release|Any CPU
		{CEAA0697-FCF2-445D-A29B-3D26C04F9A19}.AppStore|x86.Build.0 = Release|Any CPU
		{CEAA0697-FCF2-445D-A29B-3D26C04F9A19}.AppStore|x86.Deploy.0 = Release|Any CPU
		{CEAA0697-FCF2-445D-A29B-3D26C04F9A19}.Debug|Any CPU.ActiveCfg = Debug|Any CPU
		{CEAA0697-FCF2-445D-A29B-3D26C04F9A19}.Debug|Any CPU.Build.0 = Debug|Any CPU
		{CEAA0697-FCF2-445D-A29B-3D26C04F9A19}.Debug|Any CPU.Deploy.0 = Debug|Any CPU
		{CEAA0697-FCF2-445D-A29B-3D26C04F9A19}.Debug|ARM.ActiveCfg = Debug|Any CPU
		{CEAA0697-FCF2-445D-A29B-3D26C04F9A19}.Debug|ARM.Build.0 = Debug|Any CPU
		{CEAA0697-FCF2-445D-A29B-3D26C04F9A19}.Debug|ARM.Deploy.0 = Debug|Any CPU
		{CEAA0697-FCF2-445D-A29B-3D26C04F9A19}.Debug|iPhone.ActiveCfg = Debug|Any CPU
		{CEAA0697-FCF2-445D-A29B-3D26C04F9A19}.Debug|iPhone.Build.0 = Debug|Any CPU
		{CEAA0697-FCF2-445D-A29B-3D26C04F9A19}.Debug|iPhone.Deploy.0 = Debug|Any CPU
		{CEAA0697-FCF2-445D-A29B-3D26C04F9A19}.Debug|iPhoneSimulator.ActiveCfg = Debug|Any CPU
		{CEAA0697-FCF2-445D-A29B-3D26C04F9A19}.Debug|iPhoneSimulator.Build.0 = Debug|Any CPU
		{CEAA0697-FCF2-445D-A29B-3D26C04F9A19}.Debug|iPhoneSimulator.Deploy.0 = Debug|Any CPU
		{CEAA0697-FCF2-445D-A29B-3D26C04F9A19}.Debug|x64.ActiveCfg = Debug|Any CPU
		{CEAA0697-FCF2-445D-A29B-3D26C04F9A19}.Debug|x64.Build.0 = Debug|Any CPU
		{CEAA0697-FCF2-445D-A29B-3D26C04F9A19}.Debug|x64.Deploy.0 = Debug|Any CPU
		{CEAA0697-FCF2-445D-A29B-3D26C04F9A19}.Debug|x86.ActiveCfg = Debug|Any CPU
		{CEAA0697-FCF2-445D-A29B-3D26C04F9A19}.Debug|x86.Build.0 = Debug|Any CPU
		{CEAA0697-FCF2-445D-A29B-3D26C04F9A19}.Debug|x86.Deploy.0 = Debug|Any CPU
		{CEAA0697-FCF2-445D-A29B-3D26C04F9A19}.Release|Any CPU.ActiveCfg = Release|Any CPU
		{CEAA0697-FCF2-445D-A29B-3D26C04F9A19}.Release|Any CPU.Build.0 = Release|Any CPU
		{CEAA0697-FCF2-445D-A29B-3D26C04F9A19}.Release|Any CPU.Deploy.0 = Release|Any CPU
		{CEAA0697-FCF2-445D-A29B-3D26C04F9A19}.Release|ARM.ActiveCfg = Release|Any CPU
		{CEAA0697-FCF2-445D-A29B-3D26C04F9A19}.Release|ARM.Build.0 = Release|Any CPU
		{CEAA0697-FCF2-445D-A29B-3D26C04F9A19}.Release|ARM.Deploy.0 = Release|Any CPU
		{CEAA0697-FCF2-445D-A29B-3D26C04F9A19}.Release|iPhone.ActiveCfg = Release|Any CPU
		{CEAA0697-FCF2-445D-A29B-3D26C04F9A19}.Release|iPhone.Build.0 = Release|Any CPU
		{CEAA0697-FCF2-445D-A29B-3D26C04F9A19}.Release|iPhone.Deploy.0 = Release|Any CPU
		{CEAA0697-FCF2-445D-A29B-3D26C04F9A19}.Release|iPhoneSimulator.ActiveCfg = Release|Any CPU
		{CEAA0697-FCF2-445D-A29B-3D26C04F9A19}.Release|iPhoneSimulator.Build.0 = Release|Any CPU
		{CEAA0697-FCF2-445D-A29B-3D26C04F9A19}.Release|iPhoneSimulator.Deploy.0 = Release|Any CPU
		{CEAA0697-FCF2-445D-A29B-3D26C04F9A19}.Release|x64.ActiveCfg = Release|Any CPU
		{CEAA0697-FCF2-445D-A29B-3D26C04F9A19}.Release|x64.Build.0 = Release|Any CPU
		{CEAA0697-FCF2-445D-A29B-3D26C04F9A19}.Release|x64.Deploy.0 = Release|Any CPU
		{CEAA0697-FCF2-445D-A29B-3D26C04F9A19}.Release|x86.ActiveCfg = Release|Any CPU
		{CEAA0697-FCF2-445D-A29B-3D26C04F9A19}.Release|x86.Build.0 = Release|Any CPU
		{CEAA0697-FCF2-445D-A29B-3D26C04F9A19}.Release|x86.Deploy.0 = Release|Any CPU
		{2847B648-9E29-4273-AD87-27452F4483CA}.Ad-Hoc|Any CPU.ActiveCfg = Ad-Hoc|iPhone
		{2847B648-9E29-4273-AD87-27452F4483CA}.Ad-Hoc|ARM.ActiveCfg = Ad-Hoc|iPhone
		{2847B648-9E29-4273-AD87-27452F4483CA}.Ad-Hoc|iPhone.ActiveCfg = Ad-Hoc|iPhone
		{2847B648-9E29-4273-AD87-27452F4483CA}.Ad-Hoc|iPhone.Build.0 = Ad-Hoc|iPhone
		{2847B648-9E29-4273-AD87-27452F4483CA}.Ad-Hoc|iPhoneSimulator.ActiveCfg = Ad-Hoc|iPhoneSimulator
		{2847B648-9E29-4273-AD87-27452F4483CA}.Ad-Hoc|iPhoneSimulator.Build.0 = Ad-Hoc|iPhoneSimulator
		{2847B648-9E29-4273-AD87-27452F4483CA}.Ad-Hoc|x64.ActiveCfg = Ad-Hoc|iPhone
		{2847B648-9E29-4273-AD87-27452F4483CA}.Ad-Hoc|x86.ActiveCfg = Ad-Hoc|iPhone
		{2847B648-9E29-4273-AD87-27452F4483CA}.AppStore|Any CPU.ActiveCfg = AppStore|iPhone
		{2847B648-9E29-4273-AD87-27452F4483CA}.AppStore|ARM.ActiveCfg = AppStore|iPhone
		{2847B648-9E29-4273-AD87-27452F4483CA}.AppStore|iPhone.ActiveCfg = AppStore|iPhone
		{2847B648-9E29-4273-AD87-27452F4483CA}.AppStore|iPhone.Build.0 = AppStore|iPhone
		{2847B648-9E29-4273-AD87-27452F4483CA}.AppStore|iPhoneSimulator.ActiveCfg = AppStore|iPhoneSimulator
		{2847B648-9E29-4273-AD87-27452F4483CA}.AppStore|iPhoneSimulator.Build.0 = AppStore|iPhoneSimulator
		{2847B648-9E29-4273-AD87-27452F4483CA}.AppStore|x64.ActiveCfg = AppStore|iPhone
		{2847B648-9E29-4273-AD87-27452F4483CA}.AppStore|x86.ActiveCfg = AppStore|iPhone
		{2847B648-9E29-4273-AD87-27452F4483CA}.Debug|Any CPU.ActiveCfg = Debug|iPhone
		{2847B648-9E29-4273-AD87-27452F4483CA}.Debug|ARM.ActiveCfg = Debug|iPhone
		{2847B648-9E29-4273-AD87-27452F4483CA}.Debug|iPhone.ActiveCfg = Debug|iPhone
		{2847B648-9E29-4273-AD87-27452F4483CA}.Debug|iPhone.Build.0 = Debug|iPhone
		{2847B648-9E29-4273-AD87-27452F4483CA}.Debug|iPhoneSimulator.ActiveCfg = Debug|iPhoneSimulator
		{2847B648-9E29-4273-AD87-27452F4483CA}.Debug|iPhoneSimulator.Build.0 = Debug|iPhoneSimulator
		{2847B648-9E29-4273-AD87-27452F4483CA}.Debug|x64.ActiveCfg = Debug|iPhone
		{2847B648-9E29-4273-AD87-27452F4483CA}.Debug|x86.ActiveCfg = Debug|iPhone
		{2847B648-9E29-4273-AD87-27452F4483CA}.Release|Any CPU.ActiveCfg = Release|iPhone
		{2847B648-9E29-4273-AD87-27452F4483CA}.Release|ARM.ActiveCfg = Release|iPhone
		{2847B648-9E29-4273-AD87-27452F4483CA}.Release|iPhone.ActiveCfg = Release|iPhone
		{2847B648-9E29-4273-AD87-27452F4483CA}.Release|iPhone.Build.0 = Release|iPhone
		{2847B648-9E29-4273-AD87-27452F4483CA}.Release|iPhoneSimulator.ActiveCfg = Release|iPhoneSimulator
		{2847B648-9E29-4273-AD87-27452F4483CA}.Release|iPhoneSimulator.Build.0 = Release|iPhoneSimulator
		{2847B648-9E29-4273-AD87-27452F4483CA}.Release|x64.ActiveCfg = Release|iPhone
		{2847B648-9E29-4273-AD87-27452F4483CA}.Release|x86.ActiveCfg = Release|iPhone
		{C15EE801-01C0-456A-829C-A7D6EBB58411}.Ad-Hoc|Any CPU.ActiveCfg = Release|Any CPU
		{C15EE801-01C0-456A-829C-A7D6EBB58411}.Ad-Hoc|Any CPU.Build.0 = Release|Any CPU
		{C15EE801-01C0-456A-829C-A7D6EBB58411}.Ad-Hoc|Any CPU.Deploy.0 = Release|Any CPU
		{C15EE801-01C0-456A-829C-A7D6EBB58411}.Ad-Hoc|ARM.ActiveCfg = Release|ARM
		{C15EE801-01C0-456A-829C-A7D6EBB58411}.Ad-Hoc|ARM.Build.0 = Release|ARM
		{C15EE801-01C0-456A-829C-A7D6EBB58411}.Ad-Hoc|ARM.Deploy.0 = Release|ARM
		{C15EE801-01C0-456A-829C-A7D6EBB58411}.Ad-Hoc|iPhone.ActiveCfg = Release|Any CPU
		{C15EE801-01C0-456A-829C-A7D6EBB58411}.Ad-Hoc|iPhone.Build.0 = Release|Any CPU
		{C15EE801-01C0-456A-829C-A7D6EBB58411}.Ad-Hoc|iPhone.Deploy.0 = Release|Any CPU
		{C15EE801-01C0-456A-829C-A7D6EBB58411}.Ad-Hoc|iPhoneSimulator.ActiveCfg = Release|Any CPU
		{C15EE801-01C0-456A-829C-A7D6EBB58411}.Ad-Hoc|iPhoneSimulator.Build.0 = Release|Any CPU
		{C15EE801-01C0-456A-829C-A7D6EBB58411}.Ad-Hoc|iPhoneSimulator.Deploy.0 = Release|Any CPU
		{C15EE801-01C0-456A-829C-A7D6EBB58411}.Ad-Hoc|x64.ActiveCfg = Release|Any CPU
		{C15EE801-01C0-456A-829C-A7D6EBB58411}.Ad-Hoc|x64.Build.0 = Release|Any CPU
		{C15EE801-01C0-456A-829C-A7D6EBB58411}.Ad-Hoc|x64.Deploy.0 = Release|Any CPU
		{C15EE801-01C0-456A-829C-A7D6EBB58411}.Ad-Hoc|x86.ActiveCfg = Release|x86
		{C15EE801-01C0-456A-829C-A7D6EBB58411}.Ad-Hoc|x86.Build.0 = Release|x86
		{C15EE801-01C0-456A-829C-A7D6EBB58411}.Ad-Hoc|x86.Deploy.0 = Release|x86
		{C15EE801-01C0-456A-829C-A7D6EBB58411}.AppStore|Any CPU.ActiveCfg = Release|Any CPU
		{C15EE801-01C0-456A-829C-A7D6EBB58411}.AppStore|Any CPU.Build.0 = Release|Any CPU
		{C15EE801-01C0-456A-829C-A7D6EBB58411}.AppStore|Any CPU.Deploy.0 = Release|Any CPU
		{C15EE801-01C0-456A-829C-A7D6EBB58411}.AppStore|ARM.ActiveCfg = Release|ARM
		{C15EE801-01C0-456A-829C-A7D6EBB58411}.AppStore|ARM.Build.0 = Release|ARM
		{C15EE801-01C0-456A-829C-A7D6EBB58411}.AppStore|ARM.Deploy.0 = Release|ARM
		{C15EE801-01C0-456A-829C-A7D6EBB58411}.AppStore|iPhone.ActiveCfg = Release|Any CPU
		{C15EE801-01C0-456A-829C-A7D6EBB58411}.AppStore|iPhone.Build.0 = Release|Any CPU
		{C15EE801-01C0-456A-829C-A7D6EBB58411}.AppStore|iPhone.Deploy.0 = Release|Any CPU
		{C15EE801-01C0-456A-829C-A7D6EBB58411}.AppStore|iPhoneSimulator.ActiveCfg = Release|Any CPU
		{C15EE801-01C0-456A-829C-A7D6EBB58411}.AppStore|iPhoneSimulator.Build.0 = Release|Any CPU
		{C15EE801-01C0-456A-829C-A7D6EBB58411}.AppStore|iPhoneSimulator.Deploy.0 = Release|Any CPU
		{C15EE801-01C0-456A-829C-A7D6EBB58411}.AppStore|x64.ActiveCfg = Release|Any CPU
		{C15EE801-01C0-456A-829C-A7D6EBB58411}.AppStore|x64.Build.0 = Release|Any CPU
		{C15EE801-01C0-456A-829C-A7D6EBB58411}.AppStore|x64.Deploy.0 = Release|Any CPU
		{C15EE801-01C0-456A-829C-A7D6EBB58411}.AppStore|x86.ActiveCfg = Release|x86
		{C15EE801-01C0-456A-829C-A7D6EBB58411}.AppStore|x86.Build.0 = Release|x86
		{C15EE801-01C0-456A-829C-A7D6EBB58411}.AppStore|x86.Deploy.0 = Release|x86
		{C15EE801-01C0-456A-829C-A7D6EBB58411}.Debug|Any CPU.ActiveCfg = Debug|Any CPU
		{C15EE801-01C0-456A-829C-A7D6EBB58411}.Debug|Any CPU.Build.0 = Debug|Any CPU
		{C15EE801-01C0-456A-829C-A7D6EBB58411}.Debug|Any CPU.Deploy.0 = Debug|Any CPU
		{C15EE801-01C0-456A-829C-A7D6EBB58411}.Debug|ARM.ActiveCfg = Debug|ARM
		{C15EE801-01C0-456A-829C-A7D6EBB58411}.Debug|ARM.Build.0 = Debug|ARM
		{C15EE801-01C0-456A-829C-A7D6EBB58411}.Debug|ARM.Deploy.0 = Debug|ARM
		{C15EE801-01C0-456A-829C-A7D6EBB58411}.Debug|iPhone.ActiveCfg = Debug|Any CPU
		{C15EE801-01C0-456A-829C-A7D6EBB58411}.Debug|iPhone.Build.0 = Debug|Any CPU
		{C15EE801-01C0-456A-829C-A7D6EBB58411}.Debug|iPhone.Deploy.0 = Debug|Any CPU
		{C15EE801-01C0-456A-829C-A7D6EBB58411}.Debug|iPhoneSimulator.ActiveCfg = Debug|Any CPU
		{C15EE801-01C0-456A-829C-A7D6EBB58411}.Debug|iPhoneSimulator.Build.0 = Debug|Any CPU
		{C15EE801-01C0-456A-829C-A7D6EBB58411}.Debug|iPhoneSimulator.Deploy.0 = Debug|Any CPU
		{C15EE801-01C0-456A-829C-A7D6EBB58411}.Debug|x64.ActiveCfg = Debug|Any CPU
		{C15EE801-01C0-456A-829C-A7D6EBB58411}.Debug|x64.Build.0 = Debug|Any CPU
		{C15EE801-01C0-456A-829C-A7D6EBB58411}.Debug|x64.Deploy.0 = Debug|Any CPU
		{C15EE801-01C0-456A-829C-A7D6EBB58411}.Debug|x86.ActiveCfg = Debug|x86
		{C15EE801-01C0-456A-829C-A7D6EBB58411}.Debug|x86.Build.0 = Debug|x86
		{C15EE801-01C0-456A-829C-A7D6EBB58411}.Debug|x86.Deploy.0 = Debug|x86
		{C15EE801-01C0-456A-829C-A7D6EBB58411}.Release|Any CPU.ActiveCfg = Release|Any CPU
		{C15EE801-01C0-456A-829C-A7D6EBB58411}.Release|Any CPU.Build.0 = Release|Any CPU
		{C15EE801-01C0-456A-829C-A7D6EBB58411}.Release|Any CPU.Deploy.0 = Release|Any CPU
		{C15EE801-01C0-456A-829C-A7D6EBB58411}.Release|ARM.ActiveCfg = Release|ARM
		{C15EE801-01C0-456A-829C-A7D6EBB58411}.Release|ARM.Build.0 = Release|ARM
		{C15EE801-01C0-456A-829C-A7D6EBB58411}.Release|ARM.Deploy.0 = Release|ARM
		{C15EE801-01C0-456A-829C-A7D6EBB58411}.Release|iPhone.ActiveCfg = Release|Any CPU
		{C15EE801-01C0-456A-829C-A7D6EBB58411}.Release|iPhone.Build.0 = Release|Any CPU
		{C15EE801-01C0-456A-829C-A7D6EBB58411}.Release|iPhone.Deploy.0 = Release|Any CPU
		{C15EE801-01C0-456A-829C-A7D6EBB58411}.Release|iPhoneSimulator.ActiveCfg = Release|Any CPU
		{C15EE801-01C0-456A-829C-A7D6EBB58411}.Release|iPhoneSimulator.Build.0 = Release|Any CPU
		{C15EE801-01C0-456A-829C-A7D6EBB58411}.Release|iPhoneSimulator.Deploy.0 = Release|Any CPU
		{C15EE801-01C0-456A-829C-A7D6EBB58411}.Release|x64.ActiveCfg = Release|Any CPU
		{C15EE801-01C0-456A-829C-A7D6EBB58411}.Release|x64.Build.0 = Release|Any CPU
		{C15EE801-01C0-456A-829C-A7D6EBB58411}.Release|x64.Deploy.0 = Release|Any CPU
		{C15EE801-01C0-456A-829C-A7D6EBB58411}.Release|x86.ActiveCfg = Release|x86
		{C15EE801-01C0-456A-829C-A7D6EBB58411}.Release|x86.Build.0 = Release|x86
		{C15EE801-01C0-456A-829C-A7D6EBB58411}.Release|x86.Deploy.0 = Release|x86
		{F75E499C-4B48-4768-A3A1-7626E7C7C7BC}.Ad-Hoc|Any CPU.ActiveCfg = Release|x86
		{F75E499C-4B48-4768-A3A1-7626E7C7C7BC}.Ad-Hoc|Any CPU.Build.0 = Release|x86
		{F75E499C-4B48-4768-A3A1-7626E7C7C7BC}.Ad-Hoc|Any CPU.Deploy.0 = Release|x86
		{F75E499C-4B48-4768-A3A1-7626E7C7C7BC}.Ad-Hoc|ARM.ActiveCfg = Release|ARM
		{F75E499C-4B48-4768-A3A1-7626E7C7C7BC}.Ad-Hoc|ARM.Build.0 = Release|ARM
		{F75E499C-4B48-4768-A3A1-7626E7C7C7BC}.Ad-Hoc|ARM.Deploy.0 = Release|ARM
		{F75E499C-4B48-4768-A3A1-7626E7C7C7BC}.Ad-Hoc|iPhone.ActiveCfg = Release|x86
		{F75E499C-4B48-4768-A3A1-7626E7C7C7BC}.Ad-Hoc|iPhone.Build.0 = Release|x86
		{F75E499C-4B48-4768-A3A1-7626E7C7C7BC}.Ad-Hoc|iPhone.Deploy.0 = Release|x86
		{F75E499C-4B48-4768-A3A1-7626E7C7C7BC}.Ad-Hoc|iPhoneSimulator.ActiveCfg = Release|x86
		{F75E499C-4B48-4768-A3A1-7626E7C7C7BC}.Ad-Hoc|iPhoneSimulator.Build.0 = Release|x86
		{F75E499C-4B48-4768-A3A1-7626E7C7C7BC}.Ad-Hoc|iPhoneSimulator.Deploy.0 = Release|x86
		{F75E499C-4B48-4768-A3A1-7626E7C7C7BC}.Ad-Hoc|x64.ActiveCfg = Release|x64
		{F75E499C-4B48-4768-A3A1-7626E7C7C7BC}.Ad-Hoc|x64.Build.0 = Release|x64
		{F75E499C-4B48-4768-A3A1-7626E7C7C7BC}.Ad-Hoc|x64.Deploy.0 = Release|x64
		{F75E499C-4B48-4768-A3A1-7626E7C7C7BC}.Ad-Hoc|x86.ActiveCfg = Release|x86
		{F75E499C-4B48-4768-A3A1-7626E7C7C7BC}.Ad-Hoc|x86.Build.0 = Release|x86
		{F75E499C-4B48-4768-A3A1-7626E7C7C7BC}.Ad-Hoc|x86.Deploy.0 = Release|x86
		{F75E499C-4B48-4768-A3A1-7626E7C7C7BC}.AppStore|Any CPU.ActiveCfg = Release|x86
		{F75E499C-4B48-4768-A3A1-7626E7C7C7BC}.AppStore|Any CPU.Build.0 = Release|x86
		{F75E499C-4B48-4768-A3A1-7626E7C7C7BC}.AppStore|Any CPU.Deploy.0 = Release|x86
		{F75E499C-4B48-4768-A3A1-7626E7C7C7BC}.AppStore|ARM.ActiveCfg = Release|ARM
		{F75E499C-4B48-4768-A3A1-7626E7C7C7BC}.AppStore|ARM.Build.0 = Release|ARM
		{F75E499C-4B48-4768-A3A1-7626E7C7C7BC}.AppStore|ARM.Deploy.0 = Release|ARM
		{F75E499C-4B48-4768-A3A1-7626E7C7C7BC}.AppStore|iPhone.ActiveCfg = Release|x86
		{F75E499C-4B48-4768-A3A1-7626E7C7C7BC}.AppStore|iPhone.Build.0 = Release|x86
		{F75E499C-4B48-4768-A3A1-7626E7C7C7BC}.AppStore|iPhone.Deploy.0 = Release|x86
		{F75E499C-4B48-4768-A3A1-7626E7C7C7BC}.AppStore|iPhoneSimulator.ActiveCfg = Release|x86
		{F75E499C-4B48-4768-A3A1-7626E7C7C7BC}.AppStore|iPhoneSimulator.Build.0 = Release|x86
		{F75E499C-4B48-4768-A3A1-7626E7C7C7BC}.AppStore|iPhoneSimulator.Deploy.0 = Release|x86
		{F75E499C-4B48-4768-A3A1-7626E7C7C7BC}.AppStore|x64.ActiveCfg = Release|x64
		{F75E499C-4B48-4768-A3A1-7626E7C7C7BC}.AppStore|x64.Build.0 = Release|x64
		{F75E499C-4B48-4768-A3A1-7626E7C7C7BC}.AppStore|x64.Deploy.0 = Release|x64
		{F75E499C-4B48-4768-A3A1-7626E7C7C7BC}.AppStore|x86.ActiveCfg = Release|x86
		{F75E499C-4B48-4768-A3A1-7626E7C7C7BC}.AppStore|x86.Build.0 = Release|x86
		{F75E499C-4B48-4768-A3A1-7626E7C7C7BC}.AppStore|x86.Deploy.0 = Release|x86
		{F75E499C-4B48-4768-A3A1-7626E7C7C7BC}.Debug|Any CPU.ActiveCfg = Debug|x86
		{F75E499C-4B48-4768-A3A1-7626E7C7C7BC}.Debug|ARM.ActiveCfg = Debug|ARM
		{F75E499C-4B48-4768-A3A1-7626E7C7C7BC}.Debug|ARM.Build.0 = Debug|ARM
		{F75E499C-4B48-4768-A3A1-7626E7C7C7BC}.Debug|ARM.Deploy.0 = Debug|ARM
		{F75E499C-4B48-4768-A3A1-7626E7C7C7BC}.Debug|iPhone.ActiveCfg = Debug|x86
		{F75E499C-4B48-4768-A3A1-7626E7C7C7BC}.Debug|iPhoneSimulator.ActiveCfg = Debug|x86
		{F75E499C-4B48-4768-A3A1-7626E7C7C7BC}.Debug|x64.ActiveCfg = Debug|x64
		{F75E499C-4B48-4768-A3A1-7626E7C7C7BC}.Debug|x64.Build.0 = Debug|x64
		{F75E499C-4B48-4768-A3A1-7626E7C7C7BC}.Debug|x64.Deploy.0 = Debug|x64
		{F75E499C-4B48-4768-A3A1-7626E7C7C7BC}.Debug|x86.ActiveCfg = Debug|x86
		{F75E499C-4B48-4768-A3A1-7626E7C7C7BC}.Debug|x86.Build.0 = Debug|x86
		{F75E499C-4B48-4768-A3A1-7626E7C7C7BC}.Debug|x86.Deploy.0 = Debug|x86
		{F75E499C-4B48-4768-A3A1-7626E7C7C7BC}.Release|Any CPU.ActiveCfg = Release|x86
		{F75E499C-4B48-4768-A3A1-7626E7C7C7BC}.Release|ARM.ActiveCfg = Release|ARM
		{F75E499C-4B48-4768-A3A1-7626E7C7C7BC}.Release|ARM.Build.0 = Release|ARM
		{F75E499C-4B48-4768-A3A1-7626E7C7C7BC}.Release|ARM.Deploy.0 = Release|ARM
		{F75E499C-4B48-4768-A3A1-7626E7C7C7BC}.Release|iPhone.ActiveCfg = Release|x86
		{F75E499C-4B48-4768-A3A1-7626E7C7C7BC}.Release|iPhoneSimulator.ActiveCfg = Release|x86
		{F75E499C-4B48-4768-A3A1-7626E7C7C7BC}.Release|x64.ActiveCfg = Release|x64
		{F75E499C-4B48-4768-A3A1-7626E7C7C7BC}.Release|x64.Build.0 = Release|x64
		{F75E499C-4B48-4768-A3A1-7626E7C7C7BC}.Release|x64.Deploy.0 = Release|x64
		{F75E499C-4B48-4768-A3A1-7626E7C7C7BC}.Release|x86.ActiveCfg = Release|x86
		{F75E499C-4B48-4768-A3A1-7626E7C7C7BC}.Release|x86.Build.0 = Release|x86
		{F75E499C-4B48-4768-A3A1-7626E7C7C7BC}.Release|x86.Deploy.0 = Release|x86
		{F34104A0-3B1B-4D5E-BCD8-854D6FA0B41A}.Ad-Hoc|Any CPU.ActiveCfg = Release|Any CPU
		{F34104A0-3B1B-4D5E-BCD8-854D6FA0B41A}.Ad-Hoc|Any CPU.Build.0 = Release|Any CPU
		{F34104A0-3B1B-4D5E-BCD8-854D6FA0B41A}.Ad-Hoc|Any CPU.Deploy.0 = Release|Any CPU
		{F34104A0-3B1B-4D5E-BCD8-854D6FA0B41A}.Ad-Hoc|ARM.ActiveCfg = Release|ARM
		{F34104A0-3B1B-4D5E-BCD8-854D6FA0B41A}.Ad-Hoc|ARM.Build.0 = Release|ARM
		{F34104A0-3B1B-4D5E-BCD8-854D6FA0B41A}.Ad-Hoc|ARM.Deploy.0 = Release|ARM
		{F34104A0-3B1B-4D5E-BCD8-854D6FA0B41A}.Ad-Hoc|iPhone.ActiveCfg = Release|Any CPU
		{F34104A0-3B1B-4D5E-BCD8-854D6FA0B41A}.Ad-Hoc|iPhone.Build.0 = Release|Any CPU
		{F34104A0-3B1B-4D5E-BCD8-854D6FA0B41A}.Ad-Hoc|iPhone.Deploy.0 = Release|Any CPU
		{F34104A0-3B1B-4D5E-BCD8-854D6FA0B41A}.Ad-Hoc|iPhoneSimulator.ActiveCfg = Release|Any CPU
		{F34104A0-3B1B-4D5E-BCD8-854D6FA0B41A}.Ad-Hoc|iPhoneSimulator.Build.0 = Release|Any CPU
		{F34104A0-3B1B-4D5E-BCD8-854D6FA0B41A}.Ad-Hoc|iPhoneSimulator.Deploy.0 = Release|Any CPU
		{F34104A0-3B1B-4D5E-BCD8-854D6FA0B41A}.Ad-Hoc|x64.ActiveCfg = Release|x64
		{F34104A0-3B1B-4D5E-BCD8-854D6FA0B41A}.Ad-Hoc|x64.Build.0 = Release|x64
		{F34104A0-3B1B-4D5E-BCD8-854D6FA0B41A}.Ad-Hoc|x64.Deploy.0 = Release|x64
		{F34104A0-3B1B-4D5E-BCD8-854D6FA0B41A}.Ad-Hoc|x86.ActiveCfg = Release|x86
		{F34104A0-3B1B-4D5E-BCD8-854D6FA0B41A}.Ad-Hoc|x86.Build.0 = Release|x86
		{F34104A0-3B1B-4D5E-BCD8-854D6FA0B41A}.Ad-Hoc|x86.Deploy.0 = Release|x86
		{F34104A0-3B1B-4D5E-BCD8-854D6FA0B41A}.AppStore|Any CPU.ActiveCfg = Release|Any CPU
		{F34104A0-3B1B-4D5E-BCD8-854D6FA0B41A}.AppStore|Any CPU.Build.0 = Release|Any CPU
		{F34104A0-3B1B-4D5E-BCD8-854D6FA0B41A}.AppStore|Any CPU.Deploy.0 = Release|Any CPU
		{F34104A0-3B1B-4D5E-BCD8-854D6FA0B41A}.AppStore|ARM.ActiveCfg = Release|ARM
		{F34104A0-3B1B-4D5E-BCD8-854D6FA0B41A}.AppStore|ARM.Build.0 = Release|ARM
		{F34104A0-3B1B-4D5E-BCD8-854D6FA0B41A}.AppStore|ARM.Deploy.0 = Release|ARM
		{F34104A0-3B1B-4D5E-BCD8-854D6FA0B41A}.AppStore|iPhone.ActiveCfg = Release|Any CPU
		{F34104A0-3B1B-4D5E-BCD8-854D6FA0B41A}.AppStore|iPhone.Build.0 = Release|Any CPU
		{F34104A0-3B1B-4D5E-BCD8-854D6FA0B41A}.AppStore|iPhone.Deploy.0 = Release|Any CPU
		{F34104A0-3B1B-4D5E-BCD8-854D6FA0B41A}.AppStore|iPhoneSimulator.ActiveCfg = Release|Any CPU
		{F34104A0-3B1B-4D5E-BCD8-854D6FA0B41A}.AppStore|iPhoneSimulator.Build.0 = Release|Any CPU
		{F34104A0-3B1B-4D5E-BCD8-854D6FA0B41A}.AppStore|iPhoneSimulator.Deploy.0 = Release|Any CPU
		{F34104A0-3B1B-4D5E-BCD8-854D6FA0B41A}.AppStore|x64.ActiveCfg = Release|x64
		{F34104A0-3B1B-4D5E-BCD8-854D6FA0B41A}.AppStore|x64.Build.0 = Release|x64
		{F34104A0-3B1B-4D5E-BCD8-854D6FA0B41A}.AppStore|x64.Deploy.0 = Release|x64
		{F34104A0-3B1B-4D5E-BCD8-854D6FA0B41A}.AppStore|x86.ActiveCfg = Release|x86
		{F34104A0-3B1B-4D5E-BCD8-854D6FA0B41A}.AppStore|x86.Build.0 = Release|x86
		{F34104A0-3B1B-4D5E-BCD8-854D6FA0B41A}.AppStore|x86.Deploy.0 = Release|x86
		{F34104A0-3B1B-4D5E-BCD8-854D6FA0B41A}.Debug|Any CPU.ActiveCfg = Debug|Any CPU
		{F34104A0-3B1B-4D5E-BCD8-854D6FA0B41A}.Debug|Any CPU.Build.0 = Debug|Any CPU
		{F34104A0-3B1B-4D5E-BCD8-854D6FA0B41A}.Debug|Any CPU.Deploy.0 = Debug|Any CPU
		{F34104A0-3B1B-4D5E-BCD8-854D6FA0B41A}.Debug|ARM.ActiveCfg = Debug|ARM
		{F34104A0-3B1B-4D5E-BCD8-854D6FA0B41A}.Debug|ARM.Build.0 = Debug|ARM
		{F34104A0-3B1B-4D5E-BCD8-854D6FA0B41A}.Debug|ARM.Deploy.0 = Debug|ARM
		{F34104A0-3B1B-4D5E-BCD8-854D6FA0B41A}.Debug|iPhone.ActiveCfg = Debug|Any CPU
		{F34104A0-3B1B-4D5E-BCD8-854D6FA0B41A}.Debug|iPhone.Build.0 = Debug|Any CPU
		{F34104A0-3B1B-4D5E-BCD8-854D6FA0B41A}.Debug|iPhone.Deploy.0 = Debug|Any CPU
		{F34104A0-3B1B-4D5E-BCD8-854D6FA0B41A}.Debug|iPhoneSimulator.ActiveCfg = Debug|Any CPU
		{F34104A0-3B1B-4D5E-BCD8-854D6FA0B41A}.Debug|iPhoneSimulator.Build.0 = Debug|Any CPU
		{F34104A0-3B1B-4D5E-BCD8-854D6FA0B41A}.Debug|iPhoneSimulator.Deploy.0 = Debug|Any CPU
		{F34104A0-3B1B-4D5E-BCD8-854D6FA0B41A}.Debug|x64.ActiveCfg = Debug|x64
		{F34104A0-3B1B-4D5E-BCD8-854D6FA0B41A}.Debug|x64.Build.0 = Debug|x64
		{F34104A0-3B1B-4D5E-BCD8-854D6FA0B41A}.Debug|x64.Deploy.0 = Debug|x64
		{F34104A0-3B1B-4D5E-BCD8-854D6FA0B41A}.Debug|x86.ActiveCfg = Debug|x86
		{F34104A0-3B1B-4D5E-BCD8-854D6FA0B41A}.Debug|x86.Build.0 = Debug|x86
		{F34104A0-3B1B-4D5E-BCD8-854D6FA0B41A}.Debug|x86.Deploy.0 = Debug|x86
		{F34104A0-3B1B-4D5E-BCD8-854D6FA0B41A}.Release|Any CPU.ActiveCfg = Release|Any CPU
		{F34104A0-3B1B-4D5E-BCD8-854D6FA0B41A}.Release|Any CPU.Build.0 = Release|Any CPU
		{F34104A0-3B1B-4D5E-BCD8-854D6FA0B41A}.Release|Any CPU.Deploy.0 = Release|Any CPU
		{F34104A0-3B1B-4D5E-BCD8-854D6FA0B41A}.Release|ARM.ActiveCfg = Release|ARM
		{F34104A0-3B1B-4D5E-BCD8-854D6FA0B41A}.Release|ARM.Build.0 = Release|ARM
		{F34104A0-3B1B-4D5E-BCD8-854D6FA0B41A}.Release|ARM.Deploy.0 = Release|ARM
		{F34104A0-3B1B-4D5E-BCD8-854D6FA0B41A}.Release|iPhone.ActiveCfg = Release|Any CPU
		{F34104A0-3B1B-4D5E-BCD8-854D6FA0B41A}.Release|iPhone.Build.0 = Release|Any CPU
		{F34104A0-3B1B-4D5E-BCD8-854D6FA0B41A}.Release|iPhone.Deploy.0 = Release|Any CPU
		{F34104A0-3B1B-4D5E-BCD8-854D6FA0B41A}.Release|iPhoneSimulator.ActiveCfg = Release|Any CPU
		{F34104A0-3B1B-4D5E-BCD8-854D6FA0B41A}.Release|iPhoneSimulator.Build.0 = Release|Any CPU
		{F34104A0-3B1B-4D5E-BCD8-854D6FA0B41A}.Release|iPhoneSimulator.Deploy.0 = Release|Any CPU
		{F34104A0-3B1B-4D5E-BCD8-854D6FA0B41A}.Release|x64.ActiveCfg = Release|x64
		{F34104A0-3B1B-4D5E-BCD8-854D6FA0B41A}.Release|x64.Build.0 = Release|x64
		{F34104A0-3B1B-4D5E-BCD8-854D6FA0B41A}.Release|x64.Deploy.0 = Release|x64
		{F34104A0-3B1B-4D5E-BCD8-854D6FA0B41A}.Release|x86.ActiveCfg = Release|x86
		{F34104A0-3B1B-4D5E-BCD8-854D6FA0B41A}.Release|x86.Build.0 = Release|x86
		{F34104A0-3B1B-4D5E-BCD8-854D6FA0B41A}.Release|x86.Deploy.0 = Release|x86
	EndGlobalSection
	GlobalSection(SolutionProperties) = preSolution
		HideSolutionNode = FALSE
	EndGlobalSection
EndGlobal
